
Microsoft Visual Studio Solution File, Format Version 12.00
# Visual Studio Version 17
VisualStudioVersion = 17.6.33815.320
MinimumVisualStudioVersion = 10.0.40219.1
Project("{FAE04EC0-301F-11D3-BF4B-00C04F79EFBC}") = "Entities", "Entities\Entities.csproj", "{E87AB059-DBA8-4466-840A-3E3B1E5EF7D2}"
EndProject
Project("{FAE04EC0-301F-11D3-BF4B-00C04F79EFBC}") = "DataAccess", "DataAccess\DataAccess.csproj", "{9B6F28AA-79E9-466A-B996-C66C222EF18B}"
EndProject
Project("{FAE04EC0-301F-11D3-BF4B-00C04F79EFBC}") = "Business", "Business\Business.csproj", "{333554FE-CDCD-4403-883A-A1CCB29DC472}"
EndProject
Project("{FAE04EC0-301F-11D3-BF4B-00C04F79EFBC}") = "Core", "Core\Core.csproj", "{333B402E-00F3-4FD4-AA63-71CA3783EB89}"
EndProject
Project("{FAE04EC0-301F-11D3-BF4B-00C04F79EFBC}") = "WebAPI", "WebAPI\WebAPI.csproj", "{345136D9-58C9-42DC-909B-84235B4255E6}"
EndProject
Global
	GlobalSection(SolutionConfigurationPlatforms) = preSolution
		Debug|Any CPU = Debug|Any CPU
		Release|Any CPU = Release|Any CPU
	EndGlobalSection
	GlobalSection(ProjectConfigurationPlatforms) = postSolution
		{E87AB059-DBA8-4466-840A-3E3B1E5EF7D2}.Debug|Any CPU.ActiveCfg = Debug|Any CPU
		{E87AB059-DBA8-4466-840A-3E3B1E5EF7D2}.Debug|Any CPU.Build.0 = Debug|Any CPU
		{E87AB059-DBA8-4466-840A-3E3B1E5EF7D2}.Release|Any CPU.ActiveCfg = Release|Any CPU
		{E87AB059-DBA8-4466-840A-3E3B1E5EF7D2}.Release|Any CPU.Build.0 = Release|Any CPU
		{9B6F28AA-79E9-466A-B996-C66C222EF18B}.Debug|Any CPU.ActiveCfg = Debug|Any CPU
		{9B6F28AA-79E9-466A-B996-C66C222EF18B}.Debug|Any CPU.Build.0 = Debug|Any CPU
		{9B6F28AA-79E9-466A-B996-C66C222EF18B}.Release|Any CPU.ActiveCfg = Release|Any CPU
		{9B6F28AA-79E9-466A-B996-C66C222EF18B}.Release|Any CPU.Build.0 = Release|Any CPU
		{333554FE-CDCD-4403-883A-A1CCB29DC472}.Debug|Any CPU.ActiveCfg = Debug|Any CPU
		{333554FE-CDCD-4403-883A-A1CCB29DC472}.Debug|Any CPU.Build.0 = Debug|Any CPU
		{333554FE-CDCD-4403-883A-A1CCB29DC472}.Release|Any CPU.ActiveCfg = Release|Any CPU
		{333554FE-CDCD-4403-883A-A1CCB29DC472}.Release|Any CPU.Build.0 = Release|Any CPU
		{333B402E-00F3-4FD4-AA63-71CA3783EB89}.Debug|Any CPU.ActiveCfg = Debug|Any CPU
		{333B402E-00F3-4FD4-AA63-71CA3783EB89}.Debug|Any CPU.Build.0 = Debug|Any CPU
		{333B402E-00F3-4FD4-AA63-71CA3783EB89}.Release|Any CPU.ActiveCfg = Release|Any CPU
		{333B402E-00F3-4FD4-AA63-71CA3783EB89}.Release|Any CPU.Build.0 = Release|Any CPU
		{345136D9-58C9-42DC-909B-84235B4255E6}.Debug|Any CPU.ActiveCfg = Debug|Any CPU
		{345136D9-58C9-42DC-909B-84235B4255E6}.Debug|Any CPU.Build.0 = Debug|Any CPU
		{345136D9-58C9-42DC-909B-84235B4255E6}.Release|Any CPU.ActiveCfg = Release|Any CPU
		{345136D9-58C9-42DC-909B-84235B4255E6}.Release|Any CPU.Build.0 = Release|Any CPU
	EndGlobalSection
	GlobalSection(SolutionProperties) = preSolution
		HideSolutionNode = FALSE
	EndGlobalSection
	GlobalSection(ExtensibilityGlobals) = postSolution
		SolutionGuid = {533D9E26-92F8-4EDD-A844-A00478B1E27F}
	EndGlobalSection
EndGlobal
